
Microsoft Visual Studio Solution File, Format Version 12.00
# Visual Studio Version 16
VisualStudioVersion = 16.0.30309.148
MinimumVisualStudioVersion = 10.0.40219.1
Project("{FAE04EC0-301F-11D3-BF4B-00C04F79EFBC}") = "Lab1", "Lab1\Lab1.csproj", "{19B89E6B-058C-44F5-95DE-00FDCCD93B44}"
EndProject
Project("{FAE04EC0-301F-11D3-BF4B-00C04F79EFBC}") = "Laba1", "Laba1\Laba1.csproj", "{D4730168-266C-4AF1-8BB4-BB7B3E023565}"
EndProject
Global
	GlobalSection(SolutionConfigurationPlatforms) = preSolution
		Debug|Any CPU = Debug|Any CPU
		Release|Any CPU = Release|Any CPU
	EndGlobalSection
	GlobalSection(ProjectConfigurationPlatforms) = postSolution
		{19B89E6B-058C-44F5-95DE-00FDCCD93B44}.Debug|Any CPU.ActiveCfg = Debug|Any CPU
		{19B89E6B-058C-44F5-95DE-00FDCCD93B44}.Debug|Any CPU.Build.0 = Debug|Any CPU
		{19B89E6B-058C-44F5-95DE-00FDCCD93B44}.Release|Any CPU.ActiveCfg = Release|Any CPU
		{19B89E6B-058C-44F5-95DE-00FDCCD93B44}.Release|Any CPU.Build.0 = Release|Any CPU
		{D4730168-266C-4AF1-8BB4-BB7B3E023565}.Debug|Any CPU.ActiveCfg = Debug|Any CPU
		{D4730168-266C-4AF1-8BB4-BB7B3E023565}.Debug|Any CPU.Build.0 = Debug|Any CPU
		{D4730168-266C-4AF1-8BB4-BB7B3E023565}.Release|Any CPU.ActiveCfg = Release|Any CPU
		{D4730168-266C-4AF1-8BB4-BB7B3E023565}.Release|Any CPU.Build.0 = Release|Any CPU
	EndGlobalSection
	GlobalSection(SolutionProperties) = preSolution
		HideSolutionNode = FALSE
	EndGlobalSection
	GlobalSection(ExtensibilityGlobals) = postSolution
		SolutionGuid = {23B2CF3A-8EE6-4054-8D99-17A7B804AE0E}
	EndGlobalSection
EndGlobal
