
Microsoft Visual Studio Solution File, Format Version 12.00
# Visual Studio Version 16
VisualStudioVersion = 16.0.30309.148
MinimumVisualStudioVersion = 10.0.40219.1
Project("{FAE04EC0-301F-11D3-BF4B-00C04F79EFBC}") = "Lab1", "Lab1\Lab1.csproj", "{19B89E6B-058C-44F5-95DE-00FDCCD93B44}"
EndProject
Project("{FAE04EC0-301F-11D3-BF4B-00C04F79EFBC}") = "Laba1", "Laba1\Laba1.csproj", "{D4730168-266C-4AF1-8BB4-BB7B3E023565}"
EndProject
Project("{FAE04EC0-301F-11D3-BF4B-00C04F79EFBC}") = "Lab33", "Lab33\Lab33.csproj", "{589CE8B7-64BD-4831-9E0F-7EA14021DD27}"
EndProject
Project("{FAE04EC0-301F-11D3-BF4B-00C04F79EFBC}") = "Laba4", "Laba4\Laba4.csproj", "{5AD89893-A137-43EA-B353-2A4D654BEBC9}"
EndProject
Project("{FAE04EC0-301F-11D3-BF4B-00C04F79EFBC}") = "Laba4Task1", "Laba4Task1\Laba4Task1.csproj", "{3194D5DB-89C2-44D9-9919-4F6585445717}"
EndProject
Project("{FAE04EC0-301F-11D3-BF4B-00C04F79EFBC}") = "Lab4Task2", "Lab4Task2\Lab4Task2.csproj", "{7C5F3B15-DF9F-4CFC-821B-CE99625025C1}"
EndProject
Project("{FAE04EC0-301F-11D3-BF4B-00C04F79EFBC}") = "Lab5", "Lab5\Lab5.csproj", "{61099548-9402-4B63-891D-EC2550DB4792}"
EndProject
Project("{FAE04EC0-301F-11D3-BF4B-00C04F79EFBC}") = "Lab66", "Lab66\Lab66.csproj", "{3AC9D1B0-F9EF-4B68-9EAA-1BE5B199C102}"
EndProject
Project("{FAE04EC0-301F-11D3-BF4B-00C04F79EFBC}") = "Lab8", "Lab8\Lab8.csproj", "{059374C1-70F8-4F6F-8EA6-DBF162CA35E5}"
EndProject
Global
	GlobalSection(SolutionConfigurationPlatforms) = preSolution
		Debug|Any CPU = Debug|Any CPU
		Release|Any CPU = Release|Any CPU
	EndGlobalSection
	GlobalSection(ProjectConfigurationPlatforms) = postSolution
		{19B89E6B-058C-44F5-95DE-00FDCCD93B44}.Debug|Any CPU.ActiveCfg = Debug|Any CPU
		{19B89E6B-058C-44F5-95DE-00FDCCD93B44}.Debug|Any CPU.Build.0 = Debug|Any CPU
		{19B89E6B-058C-44F5-95DE-00FDCCD93B44}.Release|Any CPU.ActiveCfg = Release|Any CPU
		{19B89E6B-058C-44F5-95DE-00FDCCD93B44}.Release|Any CPU.Build.0 = Release|Any CPU
		{D4730168-266C-4AF1-8BB4-BB7B3E023565}.Debug|Any CPU.ActiveCfg = Debug|Any CPU
		{D4730168-266C-4AF1-8BB4-BB7B3E023565}.Debug|Any CPU.Build.0 = Debug|Any CPU
		{D4730168-266C-4AF1-8BB4-BB7B3E023565}.Release|Any CPU.ActiveCfg = Release|Any CPU
		{D4730168-266C-4AF1-8BB4-BB7B3E023565}.Release|Any CPU.Build.0 = Release|Any CPU
		{589CE8B7-64BD-4831-9E0F-7EA14021DD27}.Debug|Any CPU.ActiveCfg = Debug|Any CPU
		{589CE8B7-64BD-4831-9E0F-7EA14021DD27}.Debug|Any CPU.Build.0 = Debug|Any CPU
		{589CE8B7-64BD-4831-9E0F-7EA14021DD27}.Release|Any CPU.ActiveCfg = Release|Any CPU
		{589CE8B7-64BD-4831-9E0F-7EA14021DD27}.Release|Any CPU.Build.0 = Release|Any CPU
		{5AD89893-A137-43EA-B353-2A4D654BEBC9}.Debug|Any CPU.ActiveCfg = Debug|Any CPU
		{5AD89893-A137-43EA-B353-2A4D654BEBC9}.Debug|Any CPU.Build.0 = Debug|Any CPU
		{5AD89893-A137-43EA-B353-2A4D654BEBC9}.Release|Any CPU.ActiveCfg = Release|Any CPU
		{5AD89893-A137-43EA-B353-2A4D654BEBC9}.Release|Any CPU.Build.0 = Release|Any CPU
		{3194D5DB-89C2-44D9-9919-4F6585445717}.Debug|Any CPU.ActiveCfg = Debug|Any CPU
		{3194D5DB-89C2-44D9-9919-4F6585445717}.Debug|Any CPU.Build.0 = Debug|Any CPU
		{3194D5DB-89C2-44D9-9919-4F6585445717}.Release|Any CPU.ActiveCfg = Release|Any CPU
		{3194D5DB-89C2-44D9-9919-4F6585445717}.Release|Any CPU.Build.0 = Release|Any CPU
		{7C5F3B15-DF9F-4CFC-821B-CE99625025C1}.Debug|Any CPU.ActiveCfg = Debug|Any CPU
		{7C5F3B15-DF9F-4CFC-821B-CE99625025C1}.Debug|Any CPU.Build.0 = Debug|Any CPU
		{7C5F3B15-DF9F-4CFC-821B-CE99625025C1}.Release|Any CPU.ActiveCfg = Release|Any CPU
		{7C5F3B15-DF9F-4CFC-821B-CE99625025C1}.Release|Any CPU.Build.0 = Release|Any CPU
		{61099548-9402-4B63-891D-EC2550DB4792}.Debug|Any CPU.ActiveCfg = Debug|Any CPU
		{61099548-9402-4B63-891D-EC2550DB4792}.Debug|Any CPU.Build.0 = Debug|Any CPU
		{61099548-9402-4B63-891D-EC2550DB4792}.Release|Any CPU.ActiveCfg = Release|Any CPU
		{61099548-9402-4B63-891D-EC2550DB4792}.Release|Any CPU.Build.0 = Release|Any CPU
		{3AC9D1B0-F9EF-4B68-9EAA-1BE5B199C102}.Debug|Any CPU.ActiveCfg = Debug|Any CPU
		{3AC9D1B0-F9EF-4B68-9EAA-1BE5B199C102}.Debug|Any CPU.Build.0 = Debug|Any CPU
		{3AC9D1B0-F9EF-4B68-9EAA-1BE5B199C102}.Release|Any CPU.ActiveCfg = Release|Any CPU
		{3AC9D1B0-F9EF-4B68-9EAA-1BE5B199C102}.Release|Any CPU.Build.0 = Release|Any CPU
		{059374C1-70F8-4F6F-8EA6-DBF162CA35E5}.Debug|Any CPU.ActiveCfg = Debug|Any CPU
		{059374C1-70F8-4F6F-8EA6-DBF162CA35E5}.Debug|Any CPU.Build.0 = Debug|Any CPU
		{059374C1-70F8-4F6F-8EA6-DBF162CA35E5}.Release|Any CPU.ActiveCfg = Release|Any CPU
		{059374C1-70F8-4F6F-8EA6-DBF162CA35E5}.Release|Any CPU.Build.0 = Release|Any CPU
	EndGlobalSection
	GlobalSection(SolutionProperties) = preSolution
		HideSolutionNode = FALSE
	EndGlobalSection
	GlobalSection(ExtensibilityGlobals) = postSolution
		SolutionGuid = {23B2CF3A-8EE6-4054-8D99-17A7B804AE0E}
	EndGlobalSection
EndGlobal
